
Microsoft Visual Studio Solution File, Format Version 12.00
# Visual Studio Version 16
VisualStudioVersion = 16.0.32228.343
MinimumVisualStudioVersion = 10.0.40219.1
Project("{FAE04EC0-301F-11D3-BF4B-00C04F79EFBC}") = "24Mart(Class)", "24Mart(Class)\24Mart(Class).csproj", "{A334CFF9-8AF1-44B0-BB20-B2F074FE991A}"
EndProject
Global
	GlobalSection(SolutionConfigurationPlatforms) = preSolution
		Debug|Any CPU = Debug|Any CPU
		Release|Any CPU = Release|Any CPU
	EndGlobalSection
	GlobalSection(ProjectConfigurationPlatforms) = postSolution
		{A334CFF9-8AF1-44B0-BB20-B2F074FE991A}.Debug|Any CPU.ActiveCfg = Debug|Any CPU
		{A334CFF9-8AF1-44B0-BB20-B2F074FE991A}.Debug|Any CPU.Build.0 = Debug|Any CPU
		{A334CFF9-8AF1-44B0-BB20-B2F074FE991A}.Release|Any CPU.ActiveCfg = Release|Any CPU
		{A334CFF9-8AF1-44B0-BB20-B2F074FE991A}.Release|Any CPU.Build.0 = Release|Any CPU
	EndGlobalSection
	GlobalSection(SolutionProperties) = preSolution
		HideSolutionNode = FALSE
	EndGlobalSection
	GlobalSection(ExtensibilityGlobals) = postSolution
		SolutionGuid = {7C3E0DED-197B-4FF9-B735-22F02F278C25}
	EndGlobalSection
EndGlobal
